
Microsoft Visual Studio Solution File, Format Version 12.00
# Visual Studio Version 16
VisualStudioVersion = 16.0.30114.105
MinimumVisualStudioVersion = 10.0.40219.1
Project("{9A19103F-16F7-4668-BE54-9A1E7A4F7556}") = "SudokuSocket", "SudokuSocket\SudokuSocket.csproj", "{64B42A25-7B7D-4B39-A244-F44974DC0F98}"
EndProject
Project("{FAE04EC0-301F-11D3-BF4B-00C04F79EFBC}") = "SudokuSocket.Tests", "SudokuSocketTests\SudokuSocket.Tests.csproj", "{C75D4276-9D8F-4E2A-8532-23971B9DE847}"
EndProject
Global
	GlobalSection(SolutionConfigurationPlatforms) = preSolution
		Debug|Any CPU = Debug|Any CPU
		Release|Any CPU = Release|Any CPU
	EndGlobalSection
	GlobalSection(ProjectConfigurationPlatforms) = postSolution
		{64B42A25-7B7D-4B39-A244-F44974DC0F98}.Debug|Any CPU.ActiveCfg = Debug|Any CPU
		{64B42A25-7B7D-4B39-A244-F44974DC0F98}.Debug|Any CPU.Build.0 = Debug|Any CPU
		{64B42A25-7B7D-4B39-A244-F44974DC0F98}.Release|Any CPU.ActiveCfg = Release|Any CPU
		{64B42A25-7B7D-4B39-A244-F44974DC0F98}.Release|Any CPU.Build.0 = Release|Any CPU
		{C75D4276-9D8F-4E2A-8532-23971B9DE847}.Debug|Any CPU.ActiveCfg = Debug|Any CPU
		{C75D4276-9D8F-4E2A-8532-23971B9DE847}.Debug|Any CPU.Build.0 = Debug|Any CPU
		{C75D4276-9D8F-4E2A-8532-23971B9DE847}.Release|Any CPU.ActiveCfg = Release|Any CPU
		{C75D4276-9D8F-4E2A-8532-23971B9DE847}.Release|Any CPU.Build.0 = Release|Any CPU
	EndGlobalSection
	GlobalSection(SolutionProperties) = preSolution
		HideSolutionNode = FALSE
	EndGlobalSection
	GlobalSection(ExtensibilityGlobals) = postSolution
		SolutionGuid = {B87F736F-7524-44EC-A13E-FB2EA9534636}
	EndGlobalSection
EndGlobal
